
Microsoft Visual Studio Solution File, Format Version 12.00
# Visual Studio 2013
VisualStudioVersion = 12.0.30723.0
MinimumVisualStudioVersion = 10.0.40219.1
Project("{FAE04EC0-301F-11D3-BF4B-00C04F79EFBC}") = "OdeToFood", "OdeToFood\OdeToFood.csproj", "{A109DBC5-983E-49A7-AF0E-D1B11C639AE4}"
EndProject
Project("{FAE04EC0-301F-11D3-BF4B-00C04F79EFBC}") = "OdeToFood.Tests", "OdeToFood.Tests\OdeToFood.Tests.csproj", "{F5343685-7E1D-4E36-B0D6-B3CED9FCF90F}"
EndProject
Global
	GlobalSection(SolutionConfigurationPlatforms) = preSolution
		Debug|Any CPU = Debug|Any CPU
		Release|Any CPU = Release|Any CPU
	EndGlobalSection
	GlobalSection(ProjectConfigurationPlatforms) = postSolution
		{A109DBC5-983E-49A7-AF0E-D1B11C639AE4}.Debug|Any CPU.ActiveCfg = Debug|Any CPU
		{A109DBC5-983E-49A7-AF0E-D1B11C639AE4}.Debug|Any CPU.Build.0 = Debug|Any CPU
		{A109DBC5-983E-49A7-AF0E-D1B11C639AE4}.Release|Any CPU.ActiveCfg = Release|Any CPU
		{A109DBC5-983E-49A7-AF0E-D1B11C639AE4}.Release|Any CPU.Build.0 = Release|Any CPU
		{F5343685-7E1D-4E36-B0D6-B3CED9FCF90F}.Debug|Any CPU.ActiveCfg = Debug|Any CPU
		{F5343685-7E1D-4E36-B0D6-B3CED9FCF90F}.Debug|Any CPU.Build.0 = Debug|Any CPU
		{F5343685-7E1D-4E36-B0D6-B3CED9FCF90F}.Release|Any CPU.ActiveCfg = Release|Any CPU
		{F5343685-7E1D-4E36-B0D6-B3CED9FCF90F}.Release|Any CPU.Build.0 = Release|Any CPU
	EndGlobalSection
	GlobalSection(SolutionProperties) = preSolution
		HideSolutionNode = FALSE
	EndGlobalSection
EndGlobal
